// !$*UTF8*$!
{
	archiveVersion = 1;
	classes = {
	};
	objectVersion = 56;
	objects = {

/* Begin PBXBuildFile section */
		4129126129284DA5000D8EC6 /* PicturesLoader.swift in Sources */ = {isa = PBXBuildFile; fileRef = 4129126029284DA5000D8EC6 /* PicturesLoader.swift */; };
		412912632929532F000D8EC6 /* PictureModel.swift in Sources */ = {isa = PBXBuildFile; fileRef = 412912622929532F000D8EC6 /* PictureModel.swift */; };
		416BDC4928F8235F00981CAA /* AppDelegate.swift in Sources */ = {isa = PBXBuildFile; fileRef = 416BDC4828F8235F00981CAA /* AppDelegate.swift */; };
		416BDC4B28F8235F00981CAA /* SceneDelegate.swift in Sources */ = {isa = PBXBuildFile; fileRef = 416BDC4A28F8235F00981CAA /* SceneDelegate.swift */; };
		416BDC4D28F8235F00981CAA /* ViewController.swift in Sources */ = {isa = PBXBuildFile; fileRef = 416BDC4C28F8235F00981CAA /* ViewController.swift */; };
		416BDC5028F8235F00981CAA /* Main.storyboard in Resources */ = {isa = PBXBuildFile; fileRef = 416BDC4E28F8235F00981CAA /* Main.storyboard */; };
		416BDC5328F8235F00981CAA /* mmmarinasel_test_task.xcdatamodeld in Sources */ = {isa = PBXBuildFile; fileRef = 416BDC5128F8235F00981CAA /* mmmarinasel_test_task.xcdatamodeld */; };
		416BDC5528F8236100981CAA /* Assets.xcassets in Resources */ = {isa = PBXBuildFile; fileRef = 416BDC5428F8236100981CAA /* Assets.xcassets */; };
		416BDC5828F8236100981CAA /* LaunchScreen.storyboard in Resources */ = {isa = PBXBuildFile; fileRef = 416BDC5628F8236100981CAA /* LaunchScreen.storyboard */; };
		416BDC6028F82E3100981CAA /* NetworkManager.swift in Sources */ = {isa = PBXBuildFile; fileRef = 416BDC5F28F82E3000981CAA /* NetworkManager.swift */; };
		416BDC6228F82F6D00981CAA /* FoodTableViewCell.swift in Sources */ = {isa = PBXBuildFile; fileRef = 416BDC6128F82F6D00981CAA /* FoodTableViewCell.swift */; };
		416BDC6428F86BB900981CAA /* FoodDescription.swift in Sources */ = {isa = PBXBuildFile; fileRef = 416BDC6328F86BB900981CAA /* FoodDescription.swift */; };
		41782CBF28F96BBA000C33BC /* HeaderTableView.swift in Sources */ = {isa = PBXBuildFile; fileRef = 41782CBE28F96BBA000C33BC /* HeaderTableView.swift */; };
		41782CC128F96CF2000C33BC /* HeaderTableView.xib in Resources */ = {isa = PBXBuildFile; fileRef = 41782CC028F96CF2000C33BC /* HeaderTableView.xib */; };
		41782CE62910756B000C33BC /* Profile.storyboard in Resources */ = {isa = PBXBuildFile; fileRef = 41782CE52910756B000C33BC /* Profile.storyboard */; };
		41782CE8291075B7000C33BC /* Cart.storyboard in Resources */ = {isa = PBXBuildFile; fileRef = 41782CE7291075B7000C33BC /* Cart.storyboard */; };
		41782CEA29107780000C33BC /* ProfileViewController.swift in Sources */ = {isa = PBXBuildFile; fileRef = 41782CE929107780000C33BC /* ProfileViewController.swift */; };
		41782CEC2910778E000C33BC /* CartViewController.swift in Sources */ = {isa = PBXBuildFile; fileRef = 41782CEB2910778E000C33BC /* CartViewController.swift */; };
		41782CF1291119BD000C33BC /* ProfileData.swift in Sources */ = {isa = PBXBuildFile; fileRef = 41782CF0291119BD000C33BC /* ProfileData.swift */; };
		41A4D3A5291A869C002EE413 /* Map.storyboard in Resources */ = {isa = PBXBuildFile; fileRef = 41A4D3A4291A869C002EE413 /* Map.storyboard */; };
		41A4D3A7291BF2E1002EE413 /* PicturesViewController.swift in Sources */ = {isa = PBXBuildFile; fileRef = 41A4D3A6291BF2E1002EE413 /* PicturesViewController.swift */; };
		41A4D3AC291C1F94002EE413 /* PictureCollectionViewCell.swift in Sources */ = {isa = PBXBuildFile; fileRef = 41A4D3AB291C1F94002EE413 /* PictureCollectionViewCell.swift */; };
		41A4D3AE291C56EE002EE413 /* OrdersHistory.storyboard in Resources */ = {isa = PBXBuildFile; fileRef = 41A4D3AD291C56EE002EE413 /* OrdersHistory.storyboard */; };
		41A4D3B1291C5728002EE413 /* OrdersHistoryViewController.swift in Sources */ = {isa = PBXBuildFile; fileRef = 41A4D3B0291C5728002EE413 /* OrdersHistoryViewController.swift */; };
		41A4D3B3291C5BCF002EE413 /* OrderTableViewCell.swift in Sources */ = {isa = PBXBuildFile; fileRef = 41A4D3B2291C5BCF002EE413 /* OrderTableViewCell.swift */; };
		41A716A32915C01400127EF6 /* SaveProfileDataManager.swift in Sources */ = {isa = PBXBuildFile; fileRef = 41A716A22915C01400127EF6 /* SaveProfileDataManager.swift */; };
		41A716A82915C42F00127EF6 /* CartHeaderTableView.xib in Resources */ = {isa = PBXBuildFile; fileRef = 41A716A72915C42F00127EF6 /* CartHeaderTableView.xib */; };
		41A716AA2915C47000127EF6 /* CartHeaderTableView.swift in Sources */ = {isa = PBXBuildFile; fileRef = 41A716A92915C47000127EF6 /* CartHeaderTableView.swift */; };
		41A716AD2918FAF300127EF6 /* CartTableViewCell.swift in Sources */ = {isa = PBXBuildFile; fileRef = 41A716AC2918FAF300127EF6 /* CartTableViewCell.swift */; };
		41A716AF2919252900127EF6 /* LocationManager.swift in Sources */ = {isa = PBXBuildFile; fileRef = 41A716AE2919252900127EF6 /* LocationManager.swift */; };
		41A716B129199DB800127EF6 /* MapViewController.swift in Sources */ = {isa = PBXBuildFile; fileRef = 41A716B029199DB800127EF6 /* MapViewController.swift */; };
/* End PBXBuildFile section */

/* Begin PBXFileReference section */
		4129126029284DA5000D8EC6 /* PicturesLoader.swift */ = {isa = PBXFileReference; lastKnownFileType = sourcecode.swift; path = PicturesLoader.swift; sourceTree = "<group>"; };
		412912622929532F000D8EC6 /* PictureModel.swift */ = {isa = PBXFileReference; lastKnownFileType = sourcecode.swift; path = PictureModel.swift; sourceTree = "<group>"; };
		416BDC4528F8235F00981CAA /* mmmarinasel_test_task.app */ = {isa = PBXFileReference; explicitFileType = wrapper.application; includeInIndex = 0; path = mmmarinasel_test_task.app; sourceTree = BUILT_PRODUCTS_DIR; };
		416BDC4828F8235F00981CAA /* AppDelegate.swift */ = {isa = PBXFileReference; lastKnownFileType = sourcecode.swift; path = AppDelegate.swift; sourceTree = "<group>"; };
		416BDC4A28F8235F00981CAA /* SceneDelegate.swift */ = {isa = PBXFileReference; lastKnownFileType = sourcecode.swift; path = SceneDelegate.swift; sourceTree = "<group>"; };
		416BDC4C28F8235F00981CAA /* ViewController.swift */ = {isa = PBXFileReference; lastKnownFileType = sourcecode.swift; path = ViewController.swift; sourceTree = "<group>"; };
		416BDC4F28F8235F00981CAA /* Base */ = {isa = PBXFileReference; lastKnownFileType = file.storyboard; name = Base; path = Base.lproj/Main.storyboard; sourceTree = "<group>"; };
		416BDC5228F8235F00981CAA /* mmmarinasel_test_task.xcdatamodel */ = {isa = PBXFileReference; lastKnownFileType = wrapper.xcdatamodel; path = mmmarinasel_test_task.xcdatamodel; sourceTree = "<group>"; };
		416BDC5428F8236100981CAA /* Assets.xcassets */ = {isa = PBXFileReference; lastKnownFileType = folder.assetcatalog; path = Assets.xcassets; sourceTree = "<group>"; };
		416BDC5728F8236100981CAA /* Base */ = {isa = PBXFileReference; lastKnownFileType = file.storyboard; name = Base; path = Base.lproj/LaunchScreen.storyboard; sourceTree = "<group>"; };
		416BDC5928F8236100981CAA /* Info.plist */ = {isa = PBXFileReference; lastKnownFileType = text.plist.xml; path = Info.plist; sourceTree = "<group>"; };
		416BDC5F28F82E3000981CAA /* NetworkManager.swift */ = {isa = PBXFileReference; lastKnownFileType = sourcecode.swift; path = NetworkManager.swift; sourceTree = "<group>"; };
		416BDC6128F82F6D00981CAA /* FoodTableViewCell.swift */ = {isa = PBXFileReference; lastKnownFileType = sourcecode.swift; path = FoodTableViewCell.swift; sourceTree = "<group>"; };
		416BDC6328F86BB900981CAA /* FoodDescription.swift */ = {isa = PBXFileReference; lastKnownFileType = sourcecode.swift; path = FoodDescription.swift; sourceTree = "<group>"; };
		41782CBE28F96BBA000C33BC /* HeaderTableView.swift */ = {isa = PBXFileReference; lastKnownFileType = sourcecode.swift; path = HeaderTableView.swift; sourceTree = "<group>"; };
		41782CC028F96CF2000C33BC /* HeaderTableView.xib */ = {isa = PBXFileReference; lastKnownFileType = file.xib; path = HeaderTableView.xib; sourceTree = "<group>"; };
		41782CE52910756B000C33BC /* Profile.storyboard */ = {isa = PBXFileReference; lastKnownFileType = file.storyboard; path = Profile.storyboard; sourceTree = "<group>"; };
		41782CE7291075B7000C33BC /* Cart.storyboard */ = {isa = PBXFileReference; lastKnownFileType = file.storyboard; path = Cart.storyboard; sourceTree = "<group>"; };
		41782CE929107780000C33BC /* ProfileViewController.swift */ = {isa = PBXFileReference; lastKnownFileType = sourcecode.swift; path = ProfileViewController.swift; sourceTree = "<group>"; };
		41782CEB2910778E000C33BC /* CartViewController.swift */ = {isa = PBXFileReference; lastKnownFileType = sourcecode.swift; path = CartViewController.swift; sourceTree = "<group>"; };
		41782CF0291119BD000C33BC /* ProfileData.swift */ = {isa = PBXFileReference; lastKnownFileType = sourcecode.swift; path = ProfileData.swift; sourceTree = "<group>"; };
		41A4D3A4291A869C002EE413 /* Map.storyboard */ = {isa = PBXFileReference; lastKnownFileType = file.storyboard; path = Map.storyboard; sourceTree = "<group>"; };
		41A4D3A6291BF2E1002EE413 /* PicturesViewController.swift */ = {isa = PBXFileReference; lastKnownFileType = sourcecode.swift; path = PicturesViewController.swift; sourceTree = "<group>"; };
		41A4D3AB291C1F94002EE413 /* PictureCollectionViewCell.swift */ = {isa = PBXFileReference; lastKnownFileType = sourcecode.swift; path = PictureCollectionViewCell.swift; sourceTree = "<group>"; };
		41A4D3AD291C56EE002EE413 /* OrdersHistory.storyboard */ = {isa = PBXFileReference; lastKnownFileType = file.storyboard; path = OrdersHistory.storyboard; sourceTree = "<group>"; };
		41A4D3B0291C5728002EE413 /* OrdersHistoryViewController.swift */ = {isa = PBXFileReference; lastKnownFileType = sourcecode.swift; path = OrdersHistoryViewController.swift; sourceTree = "<group>"; };
		41A4D3B2291C5BCF002EE413 /* OrderTableViewCell.swift */ = {isa = PBXFileReference; lastKnownFileType = sourcecode.swift; path = OrderTableViewCell.swift; sourceTree = "<group>"; };
		41A716A22915C01400127EF6 /* SaveProfileDataManager.swift */ = {isa = PBXFileReference; lastKnownFileType = sourcecode.swift; path = SaveProfileDataManager.swift; sourceTree = "<group>"; };
		41A716A72915C42F00127EF6 /* CartHeaderTableView.xib */ = {isa = PBXFileReference; lastKnownFileType = file.xib; path = CartHeaderTableView.xib; sourceTree = "<group>"; };
		41A716A92915C47000127EF6 /* CartHeaderTableView.swift */ = {isa = PBXFileReference; lastKnownFileType = sourcecode.swift; path = CartHeaderTableView.swift; sourceTree = "<group>"; };
		41A716AC2918FAF300127EF6 /* CartTableViewCell.swift */ = {isa = PBXFileReference; lastKnownFileType = sourcecode.swift; path = CartTableViewCell.swift; sourceTree = "<group>"; };
		41A716AE2919252900127EF6 /* LocationManager.swift */ = {isa = PBXFileReference; lastKnownFileType = sourcecode.swift; path = LocationManager.swift; sourceTree = "<group>"; };
		41A716B029199DB800127EF6 /* MapViewController.swift */ = {isa = PBXFileReference; lastKnownFileType = sourcecode.swift; path = MapViewController.swift; sourceTree = "<group>"; };
/* End PBXFileReference section */

/* Begin PBXFrameworksBuildPhase section */
		416BDC4228F8235F00981CAA /* Frameworks */ = {
			isa = PBXFrameworksBuildPhase;
			buildActionMask = 2147483647;
			files = (
			);
			runOnlyForDeploymentPostprocessing = 0;
		};
/* End PBXFrameworksBuildPhase section */

/* Begin PBXGroup section */
		416BDC3C28F8235F00981CAA = {
			isa = PBXGroup;
			children = (
				416BDC4728F8235F00981CAA /* mmmarinasel_test_task */,
				416BDC4628F8235F00981CAA /* Products */,
			);
			sourceTree = "<group>";
		};
		416BDC4628F8235F00981CAA /* Products */ = {
			isa = PBXGroup;
			children = (
				416BDC4528F8235F00981CAA /* mmmarinasel_test_task.app */,
			);
			name = Products;
			sourceTree = "<group>";
		};
		416BDC4728F8235F00981CAA /* mmmarinasel_test_task */ = {
			isa = PBXGroup;
			children = (
				41A4D3AF291C56F7002EE413 /* OrdersHistory */,
				41A716B4291A73F300127EF6 /* Map */,
				41782CEF2911013F000C33BC /* ListOfFood */,
				41782CEE29110131000C33BC /* Cart */,
				41782CED2911011F000C33BC /* Profile */,
				416BDC4828F8235F00981CAA /* AppDelegate.swift */,
				41A716AE2919252900127EF6 /* LocationManager.swift */,
				416BDC4A28F8235F00981CAA /* SceneDelegate.swift */,
				41A716A22915C01400127EF6 /* SaveProfileDataManager.swift */,
				41782CF0291119BD000C33BC /* ProfileData.swift */,
				416BDC6328F86BB900981CAA /* FoodDescription.swift */,
				416BDC5F28F82E3000981CAA /* NetworkManager.swift */,
				4129126029284DA5000D8EC6 /* PicturesLoader.swift */,
				412912622929532F000D8EC6 /* PictureModel.swift */,
				416BDC5428F8236100981CAA /* Assets.xcassets */,
				416BDC5628F8236100981CAA /* LaunchScreen.storyboard */,
				416BDC5928F8236100981CAA /* Info.plist */,
				416BDC5128F8235F00981CAA /* mmmarinasel_test_task.xcdatamodeld */,
			);
			path = mmmarinasel_test_task;
			sourceTree = "<group>";
		};
		41782CED2911011F000C33BC /* Profile */ = {
			isa = PBXGroup;
			children = (
				41A4D3A8291BF2E7002EE413 /* Pictures */,
				41782CE929107780000C33BC /* ProfileViewController.swift */,
				41782CE52910756B000C33BC /* Profile.storyboard */,
			);
			path = Profile;
			sourceTree = "<group>";
		};
		41782CEE29110131000C33BC /* Cart */ = {
			isa = PBXGroup;
			children = (
				41A716AB2915C47D00127EF6 /* HeaderTableView */,
				41782CEB2910778E000C33BC /* CartViewController.swift */,
				41A716AC2918FAF300127EF6 /* CartTableViewCell.swift */,
				41782CE7291075B7000C33BC /* Cart.storyboard */,
			);
			path = Cart;
			sourceTree = "<group>";
		};
		41782CEF2911013F000C33BC /* ListOfFood */ = {
			isa = PBXGroup;
			children = (
				41A716A42915C38D00127EF6 /* HeaderTableView */,
				416BDC4C28F8235F00981CAA /* ViewController.swift */,
				416BDC6128F82F6D00981CAA /* FoodTableViewCell.swift */,
				416BDC4E28F8235F00981CAA /* Main.storyboard */,
			);
			path = ListOfFood;
			sourceTree = "<group>";
		};
		41A4D3A8291BF2E7002EE413 /* Pictures */ = {
			isa = PBXGroup;
			children = (
				41A4D3A6291BF2E1002EE413 /* PicturesViewController.swift */,
				41A4D3AB291C1F94002EE413 /* PictureCollectionViewCell.swift */,
			);
			path = Pictures;
			sourceTree = "<group>";
		};
		41A4D3AF291C56F7002EE413 /* OrdersHistory */ = {
			isa = PBXGroup;
			children = (
				41A4D3B0291C5728002EE413 /* OrdersHistoryViewController.swift */,
				41A4D3B2291C5BCF002EE413 /* OrderTableViewCell.swift */,
				41A4D3AD291C56EE002EE413 /* OrdersHistory.storyboard */,
			);
			path = OrdersHistory;
			sourceTree = "<group>";
		};
		41A716A42915C38D00127EF6 /* HeaderTableView */ = {
			isa = PBXGroup;
			children = (
				41782CC028F96CF2000C33BC /* HeaderTableView.xib */,
				41782CBE28F96BBA000C33BC /* HeaderTableView.swift */,
			);
			path = HeaderTableView;
			sourceTree = "<group>";
		};
		41A716AB2915C47D00127EF6 /* HeaderTableView */ = {
			isa = PBXGroup;
			children = (
				41A716A72915C42F00127EF6 /* CartHeaderTableView.xib */,
				41A716A92915C47000127EF6 /* CartHeaderTableView.swift */,
			);
			path = HeaderTableView;
			sourceTree = "<group>";
		};
		41A716B4291A73F300127EF6 /* Map */ = {
			isa = PBXGroup;
			children = (
				41A716B029199DB800127EF6 /* MapViewController.swift */,
				41A4D3A4291A869C002EE413 /* Map.storyboard */,
			);
			path = Map;
			sourceTree = "<group>";
		};
/* End PBXGroup section */

/* Begin PBXNativeTarget section */
		416BDC4428F8235F00981CAA /* mmmarinasel_test_task */ = {
			isa = PBXNativeTarget;
			buildConfigurationList = 416BDC5C28F8236100981CAA /* Build configuration list for PBXNativeTarget "mmmarinasel_test_task" */;
			buildPhases = (
				416BDC4128F8235F00981CAA /* Sources */,
				416BDC4228F8235F00981CAA /* Frameworks */,
				416BDC4328F8235F00981CAA /* Resources */,
				41782CF22911AFF4000C33BC /* ShellScript */,
			);
			buildRules = (
			);
			dependencies = (
			);
			name = mmmarinasel_test_task;
			productName = mmmarinasel_test_task;
			productReference = 416BDC4528F8235F00981CAA /* mmmarinasel_test_task.app */;
			productType = "com.apple.product-type.application";
		};
/* End PBXNativeTarget section */

/* Begin PBXProject section */
		416BDC3D28F8235F00981CAA /* Project object */ = {
			isa = PBXProject;
			attributes = {
				BuildIndependentTargetsInParallel = 1;
				LastSwiftUpdateCheck = 1400;
				LastUpgradeCheck = 1400;
				TargetAttributes = {
					416BDC4428F8235F00981CAA = {
						CreatedOnToolsVersion = 14.0.1;
					};
				};
			};
			buildConfigurationList = 416BDC4028F8235F00981CAA /* Build configuration list for PBXProject "mmmarinasel_test_task" */;
			compatibilityVersion = "Xcode 14.0";
			developmentRegion = en;
			hasScannedForEncodings = 0;
			knownRegions = (
				en,
				Base,
			);
			mainGroup = 416BDC3C28F8235F00981CAA;
			productRefGroup = 416BDC4628F8235F00981CAA /* Products */;
			projectDirPath = "";
			projectRoot = "";
			targets = (
				416BDC4428F8235F00981CAA /* mmmarinasel_test_task */,
			);
		};
/* End PBXProject section */

/* Begin PBXResourcesBuildPhase section */
		416BDC4328F8235F00981CAA /* Resources */ = {
			isa = PBXResourcesBuildPhase;
			buildActionMask = 2147483647;
			files = (
				41A4D3AE291C56EE002EE413 /* OrdersHistory.storyboard in Resources */,
				41A716A82915C42F00127EF6 /* CartHeaderTableView.xib in Resources */,
				41782CC128F96CF2000C33BC /* HeaderTableView.xib in Resources */,
				416BDC5828F8236100981CAA /* LaunchScreen.storyboard in Resources */,
				41A4D3A5291A869C002EE413 /* Map.storyboard in Resources */,
				41782CE62910756B000C33BC /* Profile.storyboard in Resources */,
				416BDC5528F8236100981CAA /* Assets.xcassets in Resources */,
				41782CE8291075B7000C33BC /* Cart.storyboard in Resources */,
				416BDC5028F8235F00981CAA /* Main.storyboard in Resources */,
			);
			runOnlyForDeploymentPostprocessing = 0;
		};
/* End PBXResourcesBuildPhase section */

/* Begin PBXShellScriptBuildPhase section */
		41782CF22911AFF4000C33BC /* ShellScript */ = {
			isa = PBXShellScriptBuildPhase;
			buildActionMask = 2147483647;
			files = (
			);
			inputFileListPaths = (
			);
			inputPaths = (
			);
			outputFileListPaths = (
			);
			outputPaths = (
			);
			runOnlyForDeploymentPostprocessing = 0;
			shellPath = /bin/sh;
			shellScript = "export PATH=\"$PATH:/opt/homebrew/bin\"\nif which swiftlint > /dev/null; then\n  swiftlint\nelse\n  echo \"warning: SwiftLint not installed, download from https://github.com/realm/SwiftLint\"\nfi\n";
		};
/* End PBXShellScriptBuildPhase section */

/* Begin PBXSourcesBuildPhase section */
		416BDC4128F8235F00981CAA /* Sources */ = {
			isa = PBXSourcesBuildPhase;
			buildActionMask = 2147483647;
			files = (
				416BDC4D28F8235F00981CAA /* ViewController.swift in Sources */,
				41A4D3B1291C5728002EE413 /* OrdersHistoryViewController.swift in Sources */,
				41A716AA2915C47000127EF6 /* CartHeaderTableView.swift in Sources */,
				41A716AF2919252900127EF6 /* LocationManager.swift in Sources */,
				416BDC5328F8235F00981CAA /* mmmarinasel_test_task.xcdatamodeld in Sources */,
				41782CEC2910778E000C33BC /* CartViewController.swift in Sources */,
				4129126129284DA5000D8EC6 /* PicturesLoader.swift in Sources */,
				41A4D3B3291C5BCF002EE413 /* OrderTableViewCell.swift in Sources */,
				41782CF1291119BD000C33BC /* ProfileData.swift in Sources */,
				416BDC6028F82E3100981CAA /* NetworkManager.swift in Sources */,
				412912632929532F000D8EC6 /* PictureModel.swift in Sources */,
				416BDC4928F8235F00981CAA /* AppDelegate.swift in Sources */,
				41A716AD2918FAF300127EF6 /* CartTableViewCell.swift in Sources */,
				41A4D3AC291C1F94002EE413 /* PictureCollectionViewCell.swift in Sources */,
				41A4D3A7291BF2E1002EE413 /* PicturesViewController.swift in Sources */,
				41A716A32915C01400127EF6 /* SaveProfileDataManager.swift in Sources */,
				41782CBF28F96BBA000C33BC /* HeaderTableView.swift in Sources */,
				416BDC4B28F8235F00981CAA /* SceneDelegate.swift in Sources */,
				41782CEA29107780000C33BC /* ProfileViewController.swift in Sources */,
				416BDC6228F82F6D00981CAA /* FoodTableViewCell.swift in Sources */,
				416BDC6428F86BB900981CAA /* FoodDescription.swift in Sources */,
				41A716B129199DB800127EF6 /* MapViewController.swift in Sources */,
			);
			runOnlyForDeploymentPostprocessing = 0;
		};
/* End PBXSourcesBuildPhase section */

/* Begin PBXVariantGroup section */
		416BDC4E28F8235F00981CAA /* Main.storyboard */ = {
			isa = PBXVariantGroup;
			children = (
				416BDC4F28F8235F00981CAA /* Base */,
			);
			name = Main.storyboard;
			sourceTree = "<group>";
		};
		416BDC5628F8236100981CAA /* LaunchScreen.storyboard */ = {
			isa = PBXVariantGroup;
			children = (
				416BDC5728F8236100981CAA /* Base */,
			);
			name = LaunchScreen.storyboard;
			sourceTree = "<group>";
		};
/* End PBXVariantGroup section */

/* Begin XCBuildConfiguration section */
		416BDC5A28F8236100981CAA /* Debug */ = {
			isa = XCBuildConfiguration;
			buildSettings = {
				ALWAYS_SEARCH_USER_PATHS = NO;
				CLANG_ANALYZER_NONNULL = YES;
				CLANG_ANALYZER_NUMBER_OBJECT_CONVERSION = YES_AGGRESSIVE;
				CLANG_CXX_LANGUAGE_STANDARD = "gnu++20";
				CLANG_ENABLE_MODULES = YES;
				CLANG_ENABLE_OBJC_ARC = YES;
				CLANG_ENABLE_OBJC_WEAK = YES;
				CLANG_WARN_BLOCK_CAPTURE_AUTORELEASING = YES;
				CLANG_WARN_BOOL_CONVERSION = YES;
				CLANG_WARN_COMMA = YES;
				CLANG_WARN_CONSTANT_CONVERSION = YES;
				CLANG_WARN_DEPRECATED_OBJC_IMPLEMENTATIONS = YES;
				CLANG_WARN_DIRECT_OBJC_ISA_USAGE = YES_ERROR;
				CLANG_WARN_DOCUMENTATION_COMMENTS = YES;
				CLANG_WARN_EMPTY_BODY = YES;
				CLANG_WARN_ENUM_CONVERSION = YES;
				CLANG_WARN_INFINITE_RECURSION = YES;
				CLANG_WARN_INT_CONVERSION = YES;
				CLANG_WARN_NON_LITERAL_NULL_CONVERSION = YES;
				CLANG_WARN_OBJC_IMPLICIT_RETAIN_SELF = YES;
				CLANG_WARN_OBJC_LITERAL_CONVERSION = YES;
				CLANG_WARN_OBJC_ROOT_CLASS = YES_ERROR;
				CLANG_WARN_QUOTED_INCLUDE_IN_FRAMEWORK_HEADER = YES;
				CLANG_WARN_RANGE_LOOP_ANALYSIS = YES;
				CLANG_WARN_STRICT_PROTOTYPES = YES;
				CLANG_WARN_SUSPICIOUS_MOVE = YES;
				CLANG_WARN_UNGUARDED_AVAILABILITY = YES_AGGRESSIVE;
				CLANG_WARN_UNREACHABLE_CODE = YES;
				CLANG_WARN__DUPLICATE_METHOD_MATCH = YES;
				COPY_PHASE_STRIP = NO;
				DEBUG_INFORMATION_FORMAT = dwarf;
				ENABLE_STRICT_OBJC_MSGSEND = YES;
				ENABLE_TESTABILITY = YES;
				GCC_C_LANGUAGE_STANDARD = gnu11;
				GCC_DYNAMIC_NO_PIC = NO;
				GCC_NO_COMMON_BLOCKS = YES;
				GCC_OPTIMIZATION_LEVEL = 0;
				GCC_PREPROCESSOR_DEFINITIONS = (
					"DEBUG=1",
					"$(inherited)",
				);
				GCC_WARN_64_TO_32_BIT_CONVERSION = YES;
				GCC_WARN_ABOUT_RETURN_TYPE = YES_ERROR;
				GCC_WARN_UNDECLARED_SELECTOR = YES;
				GCC_WARN_UNINITIALIZED_AUTOS = YES_AGGRESSIVE;
				GCC_WARN_UNUSED_FUNCTION = YES;
				GCC_WARN_UNUSED_VARIABLE = YES;
				IPHONEOS_DEPLOYMENT_TARGET = 16.0;
				MTL_ENABLE_DEBUG_INFO = INCLUDE_SOURCE;
				MTL_FAST_MATH = YES;
				ONLY_ACTIVE_ARCH = YES;
				SDKROOT = iphoneos;
				SWIFT_ACTIVE_COMPILATION_CONDITIONS = DEBUG;
				SWIFT_OPTIMIZATION_LEVEL = "-Onone";
			};
			name = Debug;
		};
		416BDC5B28F8236100981CAA /* Release */ = {
			isa = XCBuildConfiguration;
			buildSettings = {
				ALWAYS_SEARCH_USER_PATHS = NO;
				CLANG_ANALYZER_NONNULL = YES;
				CLANG_ANALYZER_NUMBER_OBJECT_CONVERSION = YES_AGGRESSIVE;
				CLANG_CXX_LANGUAGE_STANDARD = "gnu++20";
				CLANG_ENABLE_MODULES = YES;
				CLANG_ENABLE_OBJC_ARC = YES;
				CLANG_ENABLE_OBJC_WEAK = YES;
				CLANG_WARN_BLOCK_CAPTURE_AUTORELEASING = YES;
				CLANG_WARN_BOOL_CONVERSION = YES;
				CLANG_WARN_COMMA = YES;
				CLANG_WARN_CONSTANT_CONVERSION = YES;
				CLANG_WARN_DEPRECATED_OBJC_IMPLEMENTATIONS = YES;
				CLANG_WARN_DIRECT_OBJC_ISA_USAGE = YES_ERROR;
				CLANG_WARN_DOCUMENTATION_COMMENTS = YES;
				CLANG_WARN_EMPTY_BODY = YES;
				CLANG_WARN_ENUM_CONVERSION = YES;
				CLANG_WARN_INFINITE_RECURSION = YES;
				CLANG_WARN_INT_CONVERSION = YES;
				CLANG_WARN_NON_LITERAL_NULL_CONVERSION = YES;
				CLANG_WARN_OBJC_IMPLICIT_RETAIN_SELF = YES;
				CLANG_WARN_OBJC_LITERAL_CONVERSION = YES;
				CLANG_WARN_OBJC_ROOT_CLASS = YES_ERROR;
				CLANG_WARN_QUOTED_INCLUDE_IN_FRAMEWORK_HEADER = YES;
				CLANG_WARN_RANGE_LOOP_ANALYSIS = YES;
				CLANG_WARN_STRICT_PROTOTYPES = YES;
				CLANG_WARN_SUSPICIOUS_MOVE = YES;
				CLANG_WARN_UNGUARDED_AVAILABILITY = YES_AGGRESSIVE;
				CLANG_WARN_UNREACHABLE_CODE = YES;
				CLANG_WARN__DUPLICATE_METHOD_MATCH = YES;
				COPY_PHASE_STRIP = NO;
				DEBUG_INFORMATION_FORMAT = "dwarf-with-dsym";
				ENABLE_NS_ASSERTIONS = NO;
				ENABLE_STRICT_OBJC_MSGSEND = YES;
				GCC_C_LANGUAGE_STANDARD = gnu11;
				GCC_NO_COMMON_BLOCKS = YES;
				GCC_WARN_64_TO_32_BIT_CONVERSION = YES;
				GCC_WARN_ABOUT_RETURN_TYPE = YES_ERROR;
				GCC_WARN_UNDECLARED_SELECTOR = YES;
				GCC_WARN_UNINITIALIZED_AUTOS = YES_AGGRESSIVE;
				GCC_WARN_UNUSED_FUNCTION = YES;
				GCC_WARN_UNUSED_VARIABLE = YES;
				IPHONEOS_DEPLOYMENT_TARGET = 16.0;
				MTL_ENABLE_DEBUG_INFO = NO;
				MTL_FAST_MATH = YES;
				SDKROOT = iphoneos;
				SWIFT_COMPILATION_MODE = wholemodule;
				SWIFT_OPTIMIZATION_LEVEL = "-O";
				VALIDATE_PRODUCT = YES;
			};
			name = Release;
		};
		416BDC5D28F8236100981CAA /* Debug */ = {
			isa = XCBuildConfiguration;
			buildSettings = {
				ASSETCATALOG_COMPILER_APPICON_NAME = AppIcon;
				ASSETCATALOG_COMPILER_GLOBAL_ACCENT_COLOR_NAME = AccentColor;
				CODE_SIGN_STYLE = Automatic;
				CURRENT_PROJECT_VERSION = 1;
				DEVELOPMENT_TEAM = 4S4JPYLG6Z;
				GENERATE_INFOPLIST_FILE = YES;
				INFOPLIST_FILE = mmmarinasel_test_task/Info.plist;
				INFOPLIST_KEY_UIApplicationSupportsIndirectInputEvents = YES;
				INFOPLIST_KEY_UILaunchStoryboardName = LaunchScreen;
				INFOPLIST_KEY_UIMainStoryboardFile = Main;
				INFOPLIST_KEY_UISupportedInterfaceOrientations = UIInterfaceOrientationPortrait;
				LD_RUNPATH_SEARCH_PATHS = (
					"$(inherited)",
					"@executable_path/Frameworks",
				);
				MARKETING_VERSION = 1.0;
				PRODUCT_BUNDLE_IDENTIFIER = "mmmarinasel.mmmarinasel-test-task";
				PRODUCT_NAME = "$(TARGET_NAME)";
				SWIFT_EMIT_LOC_STRINGS = YES;
				SWIFT_VERSION = 5.0;
				TARGETED_DEVICE_FAMILY = "1,2";
			};
			name = Debug;
		};
		416BDC5E28F8236100981CAA /* Release */ = {
			isa = XCBuildConfiguration;
			buildSettings = {
				ASSETCATALOG_COMPILER_APPICON_NAME = AppIcon;
				ASSETCATALOG_COMPILER_GLOBAL_ACCENT_COLOR_NAME = AccentColor;
				CODE_SIGN_STYLE = Automatic;
				CURRENT_PROJECT_VERSION = 1;
				DEVELOPMENT_TEAM = 4S4JPYLG6Z;
				GENERATE_INFOPLIST_FILE = YES;
				INFOPLIST_FILE = mmmarinasel_test_task/Info.plist;
				INFOPLIST_KEY_UIApplicationSupportsIndirectInputEvents = YES;
				INFOPLIST_KEY_UILaunchStoryboardName = LaunchScreen;
				INFOPLIST_KEY_UIMainStoryboardFile = Main;
				INFOPLIST_KEY_UISupportedInterfaceOrientations = UIInterfaceOrientationPortrait;
				LD_RUNPATH_SEARCH_PATHS = (
					"$(inherited)",
					"@executable_path/Frameworks",
				);
				MARKETING_VERSION = 1.0;
				PRODUCT_BUNDLE_IDENTIFIER = "mmmarinasel.mmmarinasel-test-task";
				PRODUCT_NAME = "$(TARGET_NAME)";
				SWIFT_EMIT_LOC_STRINGS = YES;
				SWIFT_VERSION = 5.0;
				TARGETED_DEVICE_FAMILY = "1,2";
			};
			name = Release;
		};
/* End XCBuildConfiguration section */

/* Begin XCConfigurationList section */
		416BDC4028F8235F00981CAA /* Build configuration list for PBXProject "mmmarinasel_test_task" */ = {
			isa = XCConfigurationList;
			buildConfigurations = (
				416BDC5A28F8236100981CAA /* Debug */,
				416BDC5B28F8236100981CAA /* Release */,
			);
			defaultConfigurationIsVisible = 0;
			defaultConfigurationName = Release;
		};
		416BDC5C28F8236100981CAA /* Build configuration list for PBXNativeTarget "mmmarinasel_test_task" */ = {
			isa = XCConfigurationList;
			buildConfigurations = (
				416BDC5D28F8236100981CAA /* Debug */,
				416BDC5E28F8236100981CAA /* Release */,
			);
			defaultConfigurationIsVisible = 0;
			defaultConfigurationName = Release;
		};
/* End XCConfigurationList section */

/* Begin XCVersionGroup section */
		416BDC5128F8235F00981CAA /* mmmarinasel_test_task.xcdatamodeld */ = {
			isa = XCVersionGroup;
			children = (
				416BDC5228F8235F00981CAA /* mmmarinasel_test_task.xcdatamodel */,
			);
			currentVersion = 416BDC5228F8235F00981CAA /* mmmarinasel_test_task.xcdatamodel */;
			path = mmmarinasel_test_task.xcdatamodeld;
			sourceTree = "<group>";
			versionGroupType = wrapper.xcdatamodel;
		};
/* End XCVersionGroup section */
	};
	rootObject = 416BDC3D28F8235F00981CAA /* Project object */;
}
